Microsoft Visual Studio Solution File, Format Version 12.00
# Visual Studio 15
VisualStudioVersion = 15.0.26124.0
MinimumVisualStudioVersion = 15.0.26124.0
Project("{2150E333-8FDC-42A3-9474-1A3956D46DE8}") = "src", "src", "{b2fb6341-5c1b-4158-a218-5165d0377195}"
EndProject
Project("{FAE04EC0-301F-11D3-BF4B-00C04F79EFBC}") = "ci-cd-sample", "src\ci-cd-sample\ci-cd-sample.csproj", "{7339a9cf-bc84-4997-b2d1-8890b80294c7}"
EndProject
Project("{FAE04EC0-301F-11D3-BF4B-00C04F79EFBC}") = "ci-cd-sample.Tests", "src\ci-cd-sample.Tests\ci-cd-sample.Tests.csproj", "{5d7a30ec-e7b7-414c-ba60-d94b4129de0b}"
EndProject
Global
	GlobalSection(SolutionConfigurationPlatforms) = preSolution
		Debug|Any CPU = Debug|Any CPU
		Debug|x64 = Debug|x64
		Debug|x86 = Debug|x86
		Release|Any CPU = Release|Any CPU
		Release|x64 = Release|x64
		Release|x86 = Release|x86
	EndGlobalSection
	GlobalSection(ProjectConfigurationPlatforms) = postSolution
		{7339a9cf-bc84-4997-b2d1-8890b80294c7}.Debug|Any CPU.ActiveCfg = Debug|Any CPU
		{7339a9cf-bc84-4997-b2d1-8890b80294c7}.Debug|Any CPU.Build.0 = Debug|Any CPU
		{7339a9cf-bc84-4997-b2d1-8890b80294c7}.Debug|x64.ActiveCfg = Debug|Any CPU
		{7339a9cf-bc84-4997-b2d1-8890b80294c7}.Debug|x64.Build.0 = Debug|Any CPU
		{7339a9cf-bc84-4997-b2d1-8890b80294c7}.Debug|x86.ActiveCfg = Debug|Any CPU
		{7339a9cf-bc84-4997-b2d1-8890b80294c7}.Debug|x86.Build.0 = Debug|Any CPU
		{7339a9cf-bc84-4997-b2d1-8890b80294c7}.Release|Any CPU.ActiveCfg = Release|Any CPU
		{7339a9cf-bc84-4997-b2d1-8890b80294c7}.Release|Any CPU.Build.0 = Release|Any CPU
		{7339a9cf-bc84-4997-b2d1-8890b80294c7}.Release|x64.ActiveCfg = Release|Any CPU
		{7339a9cf-bc84-4997-b2d1-8890b80294c7}.Release|x64.Build.0 = Release|Any CPU
		{7339a9cf-bc84-4997-b2d1-8890b80294c7}.Release|x86.ActiveCfg = Release|Any CPU
		{7339a9cf-bc84-4997-b2d1-8890b80294c7}.Release|x86.Build.0 = Release|Any CPU
		{5d7a30ec-e7b7-414c-ba60-d94b4129de0b}.Debug|Any CPU.ActiveCfg = Debug|Any CPU
		{5d7a30ec-e7b7-414c-ba60-d94b4129de0b}.Debug|Any CPU.Build.0 = Debug|Any CPU
		{5d7a30ec-e7b7-414c-ba60-d94b4129de0b}.Debug|x64.ActiveCfg = Debug|Any CPU
		{5d7a30ec-e7b7-414c-ba60-d94b4129de0b}.Debug|x64.Build.0 = Debug|Any CPU
		{5d7a30ec-e7b7-414c-ba60-d94b4129de0b}.Debug|x86.ActiveCfg = Debug|Any CPU
		{5d7a30ec-e7b7-414c-ba60-d94b4129de0b}.Debug|x86.Build.0 = Debug|Any CPU
		{5d7a30ec-e7b7-414c-ba60-d94b4129de0b}.Release|Any CPU.ActiveCfg = Release|Any CPU
		{5d7a30ec-e7b7-414c-ba60-d94b4129de0b}.Release|Any CPU.Build.0 = Release|Any CPU
		{5d7a30ec-e7b7-414c-ba60-d94b4129de0b}.Release|x64.ActiveCfg = Release|Any CPU
		{5d7a30ec-e7b7-414c-ba60-d94b4129de0b}.Release|x64.Build.0 = Release|Any CPU
		{5d7a30ec-e7b7-414c-ba60-d94b4129de0b}.Release|x86.ActiveCfg = Release|Any CPU
		{5d7a30ec-e7b7-414c-ba60-d94b4129de0b}.Release|x86.Build.0 = Release|Any CPU
	EndGlobalSection
	GlobalSection(SolutionProperties) = preSolution
		HideSolutionNode = FALSE
	EndGlobalSection
	GlobalSection(NestedProjects) = preSolution
		{7339a9cf-bc84-4997-b2d1-8890b80294c7} = {b2fb6341-5c1b-4158-a218-5165d0377195}
		{5d7a30ec-e7b7-414c-ba60-d94b4129de0b} = {b2fb6341-5c1b-4158-a218-5165d0377195}
	EndGlobalSection
EndGlobal
